
Microsoft Visual Studio Solution File, Format Version 12.00
# Visual Studio Version 16
VisualStudioVersion = 16.0.29123.88
MinimumVisualStudioVersion = 10.0.40219.1
Project("{2150E333-8FDC-42A3-9474-1A3956D46DE8}") = "API", "API", "{331198F4-6C0D-4BA2-8670-E169CC5F57E6}"
EndProject
Project("{2150E333-8FDC-42A3-9474-1A3956D46DE8}") = "UI", "UI", "{37484EEE-9E4A-4A3D-8930-D98FFDDF20A8}"
EndProject
Project("{2150E333-8FDC-42A3-9474-1A3956D46DE8}") = "BASE", "BASE", "{EF41E62F-915B-4C0C-AE34-3A4D17C2E0E0}"
EndProject
Project("{2150E333-8FDC-42A3-9474-1A3956D46DE8}") = "BUSINESS", "BUSINESS", "{FFDF18C4-B516-4B2A-8C00-6055B4619D60}"
EndProject
Project("{FAE04EC0-301F-11D3-BF4B-00C04F79EFBC}") = "WebUI", "WebUI\WebUI.csproj", "{809D54BF-1060-4BA8-8BF7-A755C89D8F30}"
EndProject
Project("{FAE04EC0-301F-11D3-BF4B-00C04F79EFBC}") = "WebAPI", "WebAPI\WebAPI.csproj", "{36A687A6-08C5-464A-9BAF-37CBE5131496}"
EndProject
Project("{FAE04EC0-301F-11D3-BF4B-00C04F79EFBC}") = "WebBASE", "WebBASE\WebBASE.csproj", "{CE4E5E7B-FB2B-47C3-90B6-CB09B4A8AE7D}"
EndProject
Project("{FAE04EC0-301F-11D3-BF4B-00C04F79EFBC}") = "WebBUSINESS", "WebBUSINESS\WebBUSINESS.csproj", "{75F53E36-DDCF-43BA-9798-A503DA800A13}"
EndProject
Project("{2150E333-8FDC-42A3-9474-1A3956D46DE8}") = "BD", "BD", "{001BDA01-83BC-40F6-BEBF-5906D0949826}"
EndProject
Project("{FAE04EC0-301F-11D3-BF4B-00C04F79EFBC}") = "BDDoggiesPetShop", "BDDoggiesPetShop\BDDoggiesPetShop.csproj", "{89BBEAB1-8B65-4B7B-8AC9-B878899DCB36}"
EndProject
Global
	GlobalSection(SolutionConfigurationPlatforms) = preSolution
		Debug|Any CPU = Debug|Any CPU
		Release|Any CPU = Release|Any CPU
	EndGlobalSection
	GlobalSection(ProjectConfigurationPlatforms) = postSolution
		{809D54BF-1060-4BA8-8BF7-A755C89D8F30}.Debug|Any CPU.ActiveCfg = Debug|Any CPU
		{809D54BF-1060-4BA8-8BF7-A755C89D8F30}.Debug|Any CPU.Build.0 = Debug|Any CPU
		{809D54BF-1060-4BA8-8BF7-A755C89D8F30}.Release|Any CPU.ActiveCfg = Release|Any CPU
		{809D54BF-1060-4BA8-8BF7-A755C89D8F30}.Release|Any CPU.Build.0 = Release|Any CPU
		{36A687A6-08C5-464A-9BAF-37CBE5131496}.Debug|Any CPU.ActiveCfg = Debug|Any CPU
		{36A687A6-08C5-464A-9BAF-37CBE5131496}.Debug|Any CPU.Build.0 = Debug|Any CPU
		{36A687A6-08C5-464A-9BAF-37CBE5131496}.Release|Any CPU.ActiveCfg = Release|Any CPU
		{36A687A6-08C5-464A-9BAF-37CBE5131496}.Release|Any CPU.Build.0 = Release|Any CPU
		{CE4E5E7B-FB2B-47C3-90B6-CB09B4A8AE7D}.Debug|Any CPU.ActiveCfg = Debug|Any CPU
		{CE4E5E7B-FB2B-47C3-90B6-CB09B4A8AE7D}.Debug|Any CPU.Build.0 = Debug|Any CPU
		{CE4E5E7B-FB2B-47C3-90B6-CB09B4A8AE7D}.Release|Any CPU.ActiveCfg = Release|Any CPU
		{CE4E5E7B-FB2B-47C3-90B6-CB09B4A8AE7D}.Release|Any CPU.Build.0 = Release|Any CPU
		{75F53E36-DDCF-43BA-9798-A503DA800A13}.Debug|Any CPU.ActiveCfg = Debug|Any CPU
		{75F53E36-DDCF-43BA-9798-A503DA800A13}.Debug|Any CPU.Build.0 = Debug|Any CPU
		{75F53E36-DDCF-43BA-9798-A503DA800A13}.Release|Any CPU.ActiveCfg = Release|Any CPU
		{75F53E36-DDCF-43BA-9798-A503DA800A13}.Release|Any CPU.Build.0 = Release|Any CPU
		{89BBEAB1-8B65-4B7B-8AC9-B878899DCB36}.Debug|Any CPU.ActiveCfg = Debug|Any CPU
		{89BBEAB1-8B65-4B7B-8AC9-B878899DCB36}.Debug|Any CPU.Build.0 = Debug|Any CPU
		{89BBEAB1-8B65-4B7B-8AC9-B878899DCB36}.Release|Any CPU.ActiveCfg = Release|Any CPU
		{89BBEAB1-8B65-4B7B-8AC9-B878899DCB36}.Release|Any CPU.Build.0 = Release|Any CPU
	EndGlobalSection
	GlobalSection(SolutionProperties) = preSolution
		HideSolutionNode = FALSE
	EndGlobalSection
	GlobalSection(NestedProjects) = preSolution
		{809D54BF-1060-4BA8-8BF7-A755C89D8F30} = {37484EEE-9E4A-4A3D-8930-D98FFDDF20A8}
		{36A687A6-08C5-464A-9BAF-37CBE5131496} = {331198F4-6C0D-4BA2-8670-E169CC5F57E6}
		{CE4E5E7B-FB2B-47C3-90B6-CB09B4A8AE7D} = {EF41E62F-915B-4C0C-AE34-3A4D17C2E0E0}
		{75F53E36-DDCF-43BA-9798-A503DA800A13} = {FFDF18C4-B516-4B2A-8C00-6055B4619D60}
		{89BBEAB1-8B65-4B7B-8AC9-B878899DCB36} = {001BDA01-83BC-40F6-BEBF-5906D0949826}
	EndGlobalSection
	GlobalSection(ExtensibilityGlobals) = postSolution
		SolutionGuid = {C626A6D5-9EF8-44B7-9EC0-973A91695C1F}
	EndGlobalSection
EndGlobal
